
Microsoft Visual Studio Solution File, Format Version 12.00
# Visual Studio Version 17
VisualStudioVersion = 17.0.32126.317
MinimumVisualStudioVersion = 10.0.40219.1
Project("{FAE04EC0-301F-11D3-BF4B-00C04F79EFBC}") = "CachingExampleWithBlazor", "CachingExampleWithBlazor\CachingExampleWithBlazor.csproj", "{6AFC3C52-12B9-4670-AD0C-76665CB843AA}"
EndProject
Project("{FAE04EC0-301F-11D3-BF4B-00C04F79EFBC}") = "DataAccess", "DataAccess\DataAccess.csproj", "{F8540650-EE4F-469B-9604-059922EFB635}"
EndProject
Global
	GlobalSection(SolutionConfigurationPlatforms) = preSolution
		Debug|Any CPU = Debug|Any CPU
		Release|Any CPU = Release|Any CPU
	EndGlobalSection
	GlobalSection(ProjectConfigurationPlatforms) = postSolution
		{6AFC3C52-12B9-4670-AD0C-76665CB843AA}.Debug|Any CPU.ActiveCfg = Debug|Any CPU
		{6AFC3C52-12B9-4670-AD0C-76665CB843AA}.Debug|Any CPU.Build.0 = Debug|Any CPU
		{6AFC3C52-12B9-4670-AD0C-76665CB843AA}.Release|Any CPU.ActiveCfg = Release|Any CPU
		{6AFC3C52-12B9-4670-AD0C-76665CB843AA}.Release|Any CPU.Build.0 = Release|Any CPU
		{F8540650-EE4F-469B-9604-059922EFB635}.Debug|Any CPU.ActiveCfg = Debug|Any CPU
		{F8540650-EE4F-469B-9604-059922EFB635}.Debug|Any CPU.Build.0 = Debug|Any CPU
		{F8540650-EE4F-469B-9604-059922EFB635}.Release|Any CPU.ActiveCfg = Release|Any CPU
		{F8540650-EE4F-469B-9604-059922EFB635}.Release|Any CPU.Build.0 = Release|Any CPU
	EndGlobalSection
	GlobalSection(SolutionProperties) = preSolution
		HideSolutionNode = FALSE
	EndGlobalSection
	GlobalSection(ExtensibilityGlobals) = postSolution
		SolutionGuid = {0BE87EB2-098E-496E-AE76-F1CDC43DB196}
	EndGlobalSection
EndGlobal
